
Microsoft Visual Studio Solution File, Format Version 12.00
# Visual Studio Version 17
VisualStudioVersion = 17.8.34511.84
MinimumVisualStudioVersion = 10.0.40219.1
Project("{FAE04EC0-301F-11D3-BF4B-00C04F79EFBC}") = "PaintApp", "PaintApp\PaintApp.csproj", "{3217928C-6F37-4A09-9CD4-2533C219A1FD}"
EndProject
Global
	GlobalSection(SolutionConfigurationPlatforms) = preSolution
		Debug|Any CPU = Debug|Any CPU
		Release|Any CPU = Release|Any CPU
	EndGlobalSection
	GlobalSection(ProjectConfigurationPlatforms) = postSolution
		{3217928C-6F37-4A09-9CD4-2533C219A1FD}.Debug|Any CPU.ActiveCfg = Debug|Any CPU
		{3217928C-6F37-4A09-9CD4-2533C219A1FD}.Debug|Any CPU.Build.0 = Debug|Any CPU
		{3217928C-6F37-4A09-9CD4-2533C219A1FD}.Release|Any CPU.ActiveCfg = Release|Any CPU
		{3217928C-6F37-4A09-9CD4-2533C219A1FD}.Release|Any CPU.Build.0 = Release|Any CPU
	EndGlobalSection
	GlobalSection(SolutionProperties) = preSolution
		HideSolutionNode = FALSE
	EndGlobalSection
	GlobalSection(ExtensibilityGlobals) = postSolution
		SolutionGuid = {5B9E14B8-A718-47C5-BA39-7C9E9BDEF502}
	EndGlobalSection
EndGlobal
