
Microsoft Visual Studio Solution File, Format Version 12.00
# Visual Studio Version 17
VisualStudioVersion = 17.1.32407.343
MinimumVisualStudioVersion = 10.0.40219.1
Project("{FAE04EC0-301F-11D3-BF4B-00C04F79EFBC}") = "Ass01_21127367", "Ass01_21127367.csproj", "{BBB37C1C-E1D2-45E5-87D3-05C961896555}"
EndProject
Global
	GlobalSection(SolutionConfigurationPlatforms) = preSolution
		Debug|Any CPU = Debug|Any CPU
		Release|Any CPU = Release|Any CPU
	EndGlobalSection
	GlobalSection(ProjectConfigurationPlatforms) = postSolution
		{BBB37C1C-E1D2-45E5-87D3-05C961896555}.Debug|Any CPU.ActiveCfg = Debug|Any CPU
		{BBB37C1C-E1D2-45E5-87D3-05C961896555}.Debug|Any CPU.Build.0 = Debug|Any CPU
		{BBB37C1C-E1D2-45E5-87D3-05C961896555}.Release|Any CPU.ActiveCfg = Release|Any CPU
		{BBB37C1C-E1D2-45E5-87D3-05C961896555}.Release|Any CPU.Build.0 = Release|Any CPU
	EndGlobalSection
	GlobalSection(SolutionProperties) = preSolution
		HideSolutionNode = FALSE
	EndGlobalSection
	GlobalSection(ExtensibilityGlobals) = postSolution
		SolutionGuid = {83687196-3610-48A2-BCA7-8B61AF825841}
	EndGlobalSection
EndGlobal
